
Microsoft Visual Studio Solution File, Format Version 12.00
# Visual Studio Version 17
VisualStudioVersion = 17.7.34003.232
MinimumVisualStudioVersion = 10.0.40219.1
Project("{F184B08F-C81C-45F6-A57F-5ABD9991F28F}") = "Practico5", "Practico5.vbproj", "{4BF7766C-729E-4A37-909D-C60EC3DE51EB}"
EndProject
Global
	GlobalSection(SolutionConfigurationPlatforms) = preSolution
		Debug|Any CPU = Debug|Any CPU
		Release|Any CPU = Release|Any CPU
	EndGlobalSection
	GlobalSection(ProjectConfigurationPlatforms) = postSolution
		{4BF7766C-729E-4A37-909D-C60EC3DE51EB}.Debug|Any CPU.ActiveCfg = Debug|Any CPU
		{4BF7766C-729E-4A37-909D-C60EC3DE51EB}.Debug|Any CPU.Build.0 = Debug|Any CPU
		{4BF7766C-729E-4A37-909D-C60EC3DE51EB}.Release|Any CPU.ActiveCfg = Release|Any CPU
		{4BF7766C-729E-4A37-909D-C60EC3DE51EB}.Release|Any CPU.Build.0 = Release|Any CPU
	EndGlobalSection
	GlobalSection(SolutionProperties) = preSolution
		HideSolutionNode = FALSE
	EndGlobalSection
	GlobalSection(ExtensibilityGlobals) = postSolution
		SolutionGuid = {6EBD1A5B-C53D-4444-9E36-4D1208649014}
	EndGlobalSection
EndGlobal
